
Microsoft Visual Studio Solution File, Format Version 12.00
# Visual Studio 15
VisualStudioVersion = 15.0.27703.2042
MinimumVisualStudioVersion = 10.0.40219.1
Project("{9A19103F-16F7-4668-BE54-9A1E7A4F7556}") = "SFA.DAS.Authorization", "SFA.DAS.Authorization\SFA.DAS.Authorization.csproj", "{E03E43CA-7FEA-4CF1-A142-276268C05889}"
EndProject
Project("{2150E333-8FDC-42A3-9474-1A3956D46DE8}") = "Tests", "Tests", "{3D5D4A75-EB5D-4AC3-BE84-C8669CD201B0}"
EndProject
Project("{9A19103F-16F7-4668-BE54-9A1E7A4F7556}") = "SFA.DAS.Authorization.UnitTests", "SFA.DAS.Authorization.UnitTests\SFA.DAS.Authorization.UnitTests.csproj", "{7581C950-7067-4C9C-B740-B946B7E77FB3}"
EndProject
Project("{9A19103F-16F7-4668-BE54-9A1E7A4F7556}") = "SFA.DAS.Authorization.Mvc", "SFA.DAS.Authorization.Mvc\SFA.DAS.Authorization.Mvc.csproj", "{8B45B6BA-FED2-4115-967D-3A45B57F7247}"
EndProject
Project("{9A19103F-16F7-4668-BE54-9A1E7A4F7556}") = "SFA.DAS.Authorization.Mvc.UnitTests", "SFA.DAS.Authorization.Mvc.UnitTests\SFA.DAS.Authorization.Mvc.UnitTests.csproj", "{E1396587-38CB-4D64-83D1-A1C0E0179FD9}"
EndProject
Project("{9A19103F-16F7-4668-BE54-9A1E7A4F7556}") = "SFA.DAS.Authorization.EmployerRoles", "SFA.DAS.Authorization.EmployerRoles\SFA.DAS.Authorization.EmployerRoles.csproj", "{6D800FA4-959C-4488-A905-F5194F491CEF}"
EndProject
Project("{9A19103F-16F7-4668-BE54-9A1E7A4F7556}") = "SFA.DAS.Authorization.EmployerRoles.UnitTests", "SFA.DAS.Authorization.EmployerRoles.UnitTests\SFA.DAS.Authorization.EmployerRoles.UnitTests.csproj", "{95F254CB-DDB7-4957-8E68-E754630A62EA}"
EndProject
Project("{9A19103F-16F7-4668-BE54-9A1E7A4F7556}") = "SFA.DAS.Authorization.EmployerFeatures", "SFA.DAS.Authorization.EmployerFeatures\SFA.DAS.Authorization.EmployerFeatures.csproj", "{DE288F48-9DEB-4D22-9C91-C01FA118583D}"
EndProject
Project("{9A19103F-16F7-4668-BE54-9A1E7A4F7556}") = "SFA.DAS.Authorization.EmployerFeatures.UnitTests", "SFA.DAS.Authorization.EmployerFeatures.UnitTests\SFA.DAS.Authorization.EmployerFeatures.UnitTests.csproj", "{E4DE0F16-4C3C-4E6E-BDCA-B2787443BE2C}"
EndProject
Project("{9A19103F-16F7-4668-BE54-9A1E7A4F7556}") = "SFA.DAS.Authorization.ProviderPermissions", "SFA.DAS.Authorization.ProviderPermissions\SFA.DAS.Authorization.ProviderPermissions.csproj", "{7ED85D95-9EA6-491F-BCD0-15FB1FC0BC5E}"
EndProject
Project("{9A19103F-16F7-4668-BE54-9A1E7A4F7556}") = "SFA.DAS.Authorization.ProviderPermissions.UnitTests", "SFA.DAS.Authorization.ProviderPermissions.UnitTests\SFA.DAS.Authorization.ProviderPermissions.UnitTests.csproj", "{3297236C-21F5-4360-B231-A206F9922040}"
EndProject
Project("{9A19103F-16F7-4668-BE54-9A1E7A4F7556}") = "SFA.DAS.Authorization.WebApi", "SFA.DAS.Authorization.WebApi\SFA.DAS.Authorization.WebApi.csproj", "{96B25561-D617-4D11-848A-6520258FD565}"
EndProject
Project("{9A19103F-16F7-4668-BE54-9A1E7A4F7556}") = "SFA.DAS.Authorization.WebApi.UnitTests", "SFA.DAS.Authorization.WebApi.UnitTests\SFA.DAS.Authorization.WebApi.UnitTests.csproj", "{EB53E2B8-3A40-4756-A748-98D264989FAC}"
EndProject
Project("{2150E333-8FDC-42A3-9474-1A3956D46DE8}") = "Solution Items", "Solution Items", "{7B1C078B-4675-4B83-A2C4-E5CEC4636F98}"
	ProjectSection(SolutionItems) = preProject
		..\.editorconfig = ..\.editorconfig
		..\.gitignore = ..\.gitignore
		..\LICENSE = ..\LICENSE
		..\README.md = ..\README.md
	EndProjectSection
EndProject
Project("{FAE04EC0-301F-11D3-BF4B-00C04F79EFBC}") = "SFA.DAS.Authorization.TestHarness", "SFA.DAS.Authorization.TestHarness\SFA.DAS.Authorization.TestHarness.csproj", "{CB917399-01A7-48C5-9001-DBD5A2BBFBF5}"
EndProject
Global
	GlobalSection(SolutionConfigurationPlatforms) = preSolution
		Debug|Any CPU = Debug|Any CPU
		Release|Any CPU = Release|Any CPU
	EndGlobalSection
	GlobalSection(ProjectConfigurationPlatforms) = postSolution
		{E03E43CA-7FEA-4CF1-A142-276268C05889}.Debug|Any CPU.ActiveCfg = Debug|Any CPU
		{E03E43CA-7FEA-4CF1-A142-276268C05889}.Debug|Any CPU.Build.0 = Debug|Any CPU
		{E03E43CA-7FEA-4CF1-A142-276268C05889}.Release|Any CPU.ActiveCfg = Release|Any CPU
		{E03E43CA-7FEA-4CF1-A142-276268C05889}.Release|Any CPU.Build.0 = Release|Any CPU
		{7581C950-7067-4C9C-B740-B946B7E77FB3}.Debug|Any CPU.ActiveCfg = Debug|Any CPU
		{7581C950-7067-4C9C-B740-B946B7E77FB3}.Debug|Any CPU.Build.0 = Debug|Any CPU
		{7581C950-7067-4C9C-B740-B946B7E77FB3}.Release|Any CPU.ActiveCfg = Release|Any CPU
		{7581C950-7067-4C9C-B740-B946B7E77FB3}.Release|Any CPU.Build.0 = Release|Any CPU
		{8B45B6BA-FED2-4115-967D-3A45B57F7247}.Debug|Any CPU.ActiveCfg = Debug|Any CPU
		{8B45B6BA-FED2-4115-967D-3A45B57F7247}.Debug|Any CPU.Build.0 = Debug|Any CPU
		{8B45B6BA-FED2-4115-967D-3A45B57F7247}.Release|Any CPU.ActiveCfg = Release|Any CPU
		{8B45B6BA-FED2-4115-967D-3A45B57F7247}.Release|Any CPU.Build.0 = Release|Any CPU
		{E1396587-38CB-4D64-83D1-A1C0E0179FD9}.Debug|Any CPU.ActiveCfg = Debug|Any CPU
		{E1396587-38CB-4D64-83D1-A1C0E0179FD9}.Debug|Any CPU.Build.0 = Debug|Any CPU
		{E1396587-38CB-4D64-83D1-A1C0E0179FD9}.Release|Any CPU.ActiveCfg = Release|Any CPU
		{E1396587-38CB-4D64-83D1-A1C0E0179FD9}.Release|Any CPU.Build.0 = Release|Any CPU
		{6D800FA4-959C-4488-A905-F5194F491CEF}.Debug|Any CPU.ActiveCfg = Debug|Any CPU
		{6D800FA4-959C-4488-A905-F5194F491CEF}.Debug|Any CPU.Build.0 = Debug|Any CPU
		{6D800FA4-959C-4488-A905-F5194F491CEF}.Release|Any CPU.ActiveCfg = Release|Any CPU
		{6D800FA4-959C-4488-A905-F5194F491CEF}.Release|Any CPU.Build.0 = Release|Any CPU
		{95F254CB-DDB7-4957-8E68-E754630A62EA}.Debug|Any CPU.ActiveCfg = Debug|Any CPU
		{95F254CB-DDB7-4957-8E68-E754630A62EA}.Debug|Any CPU.Build.0 = Debug|Any CPU
		{95F254CB-DDB7-4957-8E68-E754630A62EA}.Release|Any CPU.ActiveCfg = Release|Any CPU
		{95F254CB-DDB7-4957-8E68-E754630A62EA}.Release|Any CPU.Build.0 = Release|Any CPU
		{DE288F48-9DEB-4D22-9C91-C01FA118583D}.Debug|Any CPU.ActiveCfg = Debug|Any CPU
		{DE288F48-9DEB-4D22-9C91-C01FA118583D}.Debug|Any CPU.Build.0 = Debug|Any CPU
		{DE288F48-9DEB-4D22-9C91-C01FA118583D}.Release|Any CPU.ActiveCfg = Release|Any CPU
		{DE288F48-9DEB-4D22-9C91-C01FA118583D}.Release|Any CPU.Build.0 = Release|Any CPU
		{E4DE0F16-4C3C-4E6E-BDCA-B2787443BE2C}.Debug|Any CPU.ActiveCfg = Debug|Any CPU
		{E4DE0F16-4C3C-4E6E-BDCA-B2787443BE2C}.Debug|Any CPU.Build.0 = Debug|Any CPU
		{E4DE0F16-4C3C-4E6E-BDCA-B2787443BE2C}.Release|Any CPU.ActiveCfg = Release|Any CPU
		{E4DE0F16-4C3C-4E6E-BDCA-B2787443BE2C}.Release|Any CPU.Build.0 = Release|Any CPU
		{7ED85D95-9EA6-491F-BCD0-15FB1FC0BC5E}.Debug|Any CPU.ActiveCfg = Debug|Any CPU
		{7ED85D95-9EA6-491F-BCD0-15FB1FC0BC5E}.Debug|Any CPU.Build.0 = Debug|Any CPU
		{7ED85D95-9EA6-491F-BCD0-15FB1FC0BC5E}.Release|Any CPU.ActiveCfg = Release|Any CPU
		{7ED85D95-9EA6-491F-BCD0-15FB1FC0BC5E}.Release|Any CPU.Build.0 = Release|Any CPU
		{3297236C-21F5-4360-B231-A206F9922040}.Debug|Any CPU.ActiveCfg = Debug|Any CPU
		{3297236C-21F5-4360-B231-A206F9922040}.Debug|Any CPU.Build.0 = Debug|Any CPU
		{3297236C-21F5-4360-B231-A206F9922040}.Release|Any CPU.ActiveCfg = Release|Any CPU
		{3297236C-21F5-4360-B231-A206F9922040}.Release|Any CPU.Build.0 = Release|Any CPU
		{96B25561-D617-4D11-848A-6520258FD565}.Debug|Any CPU.ActiveCfg = Debug|Any CPU
		{96B25561-D617-4D11-848A-6520258FD565}.Debug|Any CPU.Build.0 = Debug|Any CPU
		{96B25561-D617-4D11-848A-6520258FD565}.Release|Any CPU.ActiveCfg = Release|Any CPU
		{96B25561-D617-4D11-848A-6520258FD565}.Release|Any CPU.Build.0 = Release|Any CPU
		{EB53E2B8-3A40-4756-A748-98D264989FAC}.Debug|Any CPU.ActiveCfg = Debug|Any CPU
		{EB53E2B8-3A40-4756-A748-98D264989FAC}.Debug|Any CPU.Build.0 = Debug|Any CPU
		{EB53E2B8-3A40-4756-A748-98D264989FAC}.Release|Any CPU.ActiveCfg = Release|Any CPU
		{EB53E2B8-3A40-4756-A748-98D264989FAC}.Release|Any CPU.Build.0 = Release|Any CPU
		{CB917399-01A7-48C5-9001-DBD5A2BBFBF5}.Debug|Any CPU.ActiveCfg = Debug|Any CPU
		{CB917399-01A7-48C5-9001-DBD5A2BBFBF5}.Debug|Any CPU.Build.0 = Debug|Any CPU
		{CB917399-01A7-48C5-9001-DBD5A2BBFBF5}.Release|Any CPU.ActiveCfg = Release|Any CPU
		{CB917399-01A7-48C5-9001-DBD5A2BBFBF5}.Release|Any CPU.Build.0 = Release|Any CPU
	EndGlobalSection
	GlobalSection(SolutionProperties) = preSolution
		HideSolutionNode = FALSE
	EndGlobalSection
	GlobalSection(NestedProjects) = preSolution
		{7581C950-7067-4C9C-B740-B946B7E77FB3} = {3D5D4A75-EB5D-4AC3-BE84-C8669CD201B0}
		{E1396587-38CB-4D64-83D1-A1C0E0179FD9} = {3D5D4A75-EB5D-4AC3-BE84-C8669CD201B0}
		{95F254CB-DDB7-4957-8E68-E754630A62EA} = {3D5D4A75-EB5D-4AC3-BE84-C8669CD201B0}
		{E4DE0F16-4C3C-4E6E-BDCA-B2787443BE2C} = {3D5D4A75-EB5D-4AC3-BE84-C8669CD201B0}
		{3297236C-21F5-4360-B231-A206F9922040} = {3D5D4A75-EB5D-4AC3-BE84-C8669CD201B0}
		{EB53E2B8-3A40-4756-A748-98D264989FAC} = {3D5D4A75-EB5D-4AC3-BE84-C8669CD201B0}
		{CB917399-01A7-48C5-9001-DBD5A2BBFBF5} = {3D5D4A75-EB5D-4AC3-BE84-C8669CD201B0}
	EndGlobalSection
	GlobalSection(ExtensibilityGlobals) = postSolution
		SolutionGuid = {7E98D09A-8D14-42A0-8B8A-16CAC957C69F}
	EndGlobalSection
EndGlobal
